github.com/mattn/go-runewidth v0.0.8 h1:3tS41NlGYSmhhe/8fhGRzc+z3AYCw1Fe1WAyLuujKs0=
github.com/mattn/go-runewidth v0.0.8/go.mod h1:H031xJmbD/WCDINGzjvQ9THkh0rPKHF+m2gUSrubnMI=
github.com/nsf/termbox-go v0.0.0-20200204031403-4d2b513ad8be h1:yzmWtPyxEUIKdZg4RcPq64MfS8NA6A5fNOJgYhpR9EQ=
github.com/nsf/termbox-go v0.0.0-20200204031403-4d2b513ad8be/go.mod h1:IuKpRQcYE1Tfu+oAQqaLisqDeXgjyyltCfsaoYN18NQ=
github.com/simulatedsimian/joystick v1.0.1 h1:bZYHP+qaEmx0oc6oFIYQCt+rYL46G6rZRke+bipEEpY=
github.com/simulatedsimian/joystick v1.0.1/go.mod h1:V+4pJKB2SmVXfp8w7EW5RR9InUXO5M/WhVEHwosjujA=
golang.org/x/sys v0.0.0-20200302083256-062a44052db1 h1:trYYa2hBaTeei9Bq2uAXwsfNYW4r+xD/tztngRsT0cQ=
golang.org/x/sys v0.0.0-20200302083256-062a44052db1/go.mod h1:h1NjWce9XRLGQEsW7wpKNCjG9DtNlClVuFLEZdDNbEs=
